
Microsoft Visual Studio Solution File, Format Version 12.00
# Visual Studio Version 17
VisualStudioVersion = 17.9.34701.34
MinimumVisualStudioVersion = 10.0.40219.1
Project("{8BC9CEB8-8B4A-11D0-8D11-00A0C91BC942}") = "ConsoleApplication1", "ConsoleApplication1.vcxproj", "{9359166E-7BA0-49B9-BEEF-7ECE970A5157}"
EndProject
Global
	GlobalSection(SolutionConfigurationPlatforms) = preSolution
		Debug|x64 = Debug|x64
		Debug|x86 = Debug|x86
		Release|x64 = Release|x64
		Release|x86 = Release|x86
	EndGlobalSection
	GlobalSection(ProjectConfigurationPlatforms) = postSolution
		{9359166E-7BA0-49B9-BEEF-7ECE970A5157}.Debug|x64.ActiveCfg = Debug|x64
		{9359166E-7BA0-49B9-BEEF-7ECE970A5157}.Debug|x64.Build.0 = Debug|x64
		{9359166E-7BA0-49B9-BEEF-7ECE970A5157}.Debug|x86.ActiveCfg = Debug|Win32
		{9359166E-7BA0-49B9-BEEF-7ECE970A5157}.Debug|x86.Build.0 = Debug|Win32
		{9359166E-7BA0-49B9-BEEF-7ECE970A5157}.Release|x64.ActiveCfg = Release|x64
		{9359166E-7BA0-49B9-BEEF-7ECE970A5157}.Release|x64.Build.0 = Release|x64
		{9359166E-7BA0-49B9-BEEF-7ECE970A5157}.Release|x86.ActiveCfg = Release|Win32
		{9359166E-7BA0-49B9-BEEF-7ECE970A5157}.Release|x86.Build.0 = Release|Win32
	EndGlobalSection
	GlobalSection(SolutionProperties) = preSolution
		HideSolutionNode = FALSE
	EndGlobalSection
	GlobalSection(ExtensibilityGlobals) = postSolution
		SolutionGuid = {1A89A7E6-3154-4CCD-B286-2F31B846E561}
	EndGlobalSection
EndGlobal
